// !$*UTF8*$!
{
	archiveVersion = 1;
	classes = {
	};
	objectVersion = 50;
	objects = {

/* Begin PBXBuildFile section */
		CE174E8426861A63003B966A /* CharacterEpisodeViewCellModifier.swift in Sources */ = {isa = PBXBuildFile; fileRef = CE174E8326861A63003B966A /* CharacterEpisodeViewCellModifier.swift */; };
		CE1AEBD426849AF30061CD2C /* Router.swift in Sources */ = {isa = PBXBuildFile; fileRef = CE1AEBD326849AF30061CD2C /* Router.swift */; };
		CE2152B02670DE6800A29825 /* CharacterView.swift in Sources */ = {isa = PBXBuildFile; fileRef = CE2152AF2670DE6800A29825 /* CharacterView.swift */; };
		CE33F4AA266F511900DB7995 /* AppDelegate.swift in Sources */ = {isa = PBXBuildFile; fileRef = CE33F4A9266F511900DB7995 /* AppDelegate.swift */; };
		CE33F4AC266F511900DB7995 /* SceneDelegate.swift in Sources */ = {isa = PBXBuildFile; fileRef = CE33F4AB266F511900DB7995 /* SceneDelegate.swift */; };
		CE33F4AE266F511900DB7995 /* RootView.swift in Sources */ = {isa = PBXBuildFile; fileRef = CE33F4AD266F511900DB7995 /* RootView.swift */; };
		CE33F4B0266F511B00DB7995 /* Assets.xcassets in Resources */ = {isa = PBXBuildFile; fileRef = CE33F4AF266F511B00DB7995 /* Assets.xcassets */; };
		CE33F4B3266F511B00DB7995 /* Preview Assets.xcassets in Resources */ = {isa = PBXBuildFile; fileRef = CE33F4B2266F511B00DB7995 /* Preview Assets.xcassets */; };
		CE33F4B6266F511B00DB7995 /* LaunchScreen.storyboard in Resources */ = {isa = PBXBuildFile; fileRef = CE33F4B4266F511B00DB7995 /* LaunchScreen.storyboard */; };
		CE33F4BE266F68C200DB7995 /* RickAndMortyAPI.swift in Sources */ = {isa = PBXBuildFile; fileRef = CE33F4BD266F68C200DB7995 /* RickAndMortyAPI.swift */; };
		CE33F4C0266F699E00DB7995 /* Character.swift in Sources */ = {isa = PBXBuildFile; fileRef = CE33F4BF266F699E00DB7995 /* Character.swift */; };
		CE33F4C7266F6C9300DB7995 /* CharacterListView.swift in Sources */ = {isa = PBXBuildFile; fileRef = CE33F4C6266F6C9300DB7995 /* CharacterListView.swift */; };
		CE33F4C9266F6CFE00DB7995 /* CharacterListViewModel.swift in Sources */ = {isa = PBXBuildFile; fileRef = CE33F4C8266F6CFE00DB7995 /* CharacterListViewModel.swift */; };
		CEBC28802671FBF100D03533 /* ActivityIndicator.swift in Sources */ = {isa = PBXBuildFile; fileRef = CEBC287F2671FBF100D03533 /* ActivityIndicator.swift */; };
		CEBC288226720EDE00D03533 /* ImageFromUrl.swift in Sources */ = {isa = PBXBuildFile; fileRef = CEBC288126720EDE00D03533 /* ImageFromUrl.swift */; };
/* End PBXBuildFile section */

/* Begin PBXFileReference section */
		CE174E8326861A63003B966A /* CharacterEpisodeViewCellModifier.swift */ = {isa = PBXFileReference; lastKnownFileType = sourcecode.swift; path = CharacterEpisodeViewCellModifier.swift; sourceTree = "<group>"; };
		CE1AEBD326849AF30061CD2C /* Router.swift */ = {isa = PBXFileReference; lastKnownFileType = sourcecode.swift; path = Router.swift; sourceTree = "<group>"; };
		CE2152AF2670DE6800A29825 /* CharacterView.swift */ = {isa = PBXFileReference; lastKnownFileType = sourcecode.swift; path = CharacterView.swift; sourceTree = "<group>"; };
		CE33F4A6266F511900DB7995 /* RickAndMorty.app */ = {isa = PBXFileReference; explicitFileType = wrapper.application; includeInIndex = 0; path = RickAndMorty.app; sourceTree = BUILT_PRODUCTS_DIR; };
		CE33F4A9266F511900DB7995 /* AppDelegate.swift */ = {isa = PBXFileReference; lastKnownFileType = sourcecode.swift; path = AppDelegate.swift; sourceTree = "<group>"; };
		CE33F4AB266F511900DB7995 /* SceneDelegate.swift */ = {isa = PBXFileReference; lastKnownFileType = sourcecode.swift; path = SceneDelegate.swift; sourceTree = "<group>"; };
		CE33F4AD266F511900DB7995 /* RootView.swift */ = {isa = PBXFileReference; lastKnownFileType = sourcecode.swift; path = RootView.swift; sourceTree = "<group>"; };
		CE33F4AF266F511B00DB7995 /* Assets.xcassets */ = {isa = PBXFileReference; lastKnownFileType = folder.assetcatalog; path = Assets.xcassets; sourceTree = "<group>"; };
		CE33F4B2266F511B00DB7995 /* Preview Assets.xcassets */ = {isa = PBXFileReference; lastKnownFileType = folder.assetcatalog; path = "Preview Assets.xcassets"; sourceTree = "<group>"; };
		CE33F4B5266F511B00DB7995 /* Base */ = {isa = PBXFileReference; lastKnownFileType = file.storyboard; name = Base; path = Base.lproj/LaunchScreen.storyboard; sourceTree = "<group>"; };
		CE33F4B7266F511B00DB7995 /* Info.plist */ = {isa = PBXFileReference; lastKnownFileType = text.plist.xml; path = Info.plist; sourceTree = "<group>"; };
		CE33F4BD266F68C200DB7995 /* RickAndMortyAPI.swift */ = {isa = PBXFileReference; lastKnownFileType = sourcecode.swift; path = RickAndMortyAPI.swift; sourceTree = "<group>"; };
		CE33F4BF266F699E00DB7995 /* Character.swift */ = {isa = PBXFileReference; lastKnownFileType = sourcecode.swift; path = Character.swift; sourceTree = "<group>"; };
		CE33F4C6266F6C9300DB7995 /* CharacterListView.swift */ = {isa = PBXFileReference; lastKnownFileType = sourcecode.swift; path = CharacterListView.swift; sourceTree = "<group>"; };
		CE33F4C8266F6CFE00DB7995 /* CharacterListViewModel.swift */ = {isa = PBXFileReference; lastKnownFileType = sourcecode.swift; path = CharacterListViewModel.swift; sourceTree = "<group>"; };
		CEBC287F2671FBF100D03533 /* ActivityIndicator.swift */ = {isa = PBXFileReference; lastKnownFileType = sourcecode.swift; path = ActivityIndicator.swift; sourceTree = "<group>"; };
		CEBC288126720EDE00D03533 /* ImageFromUrl.swift */ = {isa = PBXFileReference; lastKnownFileType = sourcecode.swift; path = ImageFromUrl.swift; sourceTree = "<group>"; };
/* End PBXFileReference section */

/* Begin PBXFrameworksBuildPhase section */
		CE33F4A3266F511900DB7995 /* Frameworks */ = {
			isa = PBXFrameworksBuildPhase;
			buildActionMask = 2147483647;
			files = (
			);
			runOnlyForDeploymentPostprocessing = 0;
		};
/* End PBXFrameworksBuildPhase section */

/* Begin PBXGroup section */
		CE174E8226861A3C003B966A /* Modifiers */ = {
			isa = PBXGroup;
			children = (
				CE174E8326861A63003B966A /* CharacterEpisodeViewCellModifier.swift */,
			);
			path = Modifiers;
			sourceTree = "<group>";
		};
		CE33F49D266F511900DB7995 = {
			isa = PBXGroup;
			children = (
				CE33F4A8266F511900DB7995 /* RickAndMorty */,
				CE33F4A7266F511900DB7995 /* Products */,
			);
			sourceTree = "<group>";
		};
		CE33F4A7266F511900DB7995 /* Products */ = {
			isa = PBXGroup;
			children = (
				CE33F4A6266F511900DB7995 /* RickAndMorty.app */,
			);
			name = Products;
			sourceTree = "<group>";
		};
		CE33F4A8266F511900DB7995 /* RickAndMorty */ = {
			isa = PBXGroup;
			children = (
				CE33F4C4266F6C3100DB7995 /* Model */,
				CE33F4C2266F6BEA00DB7995 /* View */,
				CE33F4C3266F6C1F00DB7995 /* ViewModel */,
				CE33F4C1266F6BD900DB7995 /* Services */,
				CE174E8226861A3C003B966A /* Modifiers */,
				CE33F4C5266F6C5400DB7995 /* Supporting Files */,
				CE33F4B7266F511B00DB7995 /* Info.plist */,
				CE33F4B1266F511B00DB7995 /* Preview Content */,
			);
			path = RickAndMorty;
			sourceTree = "<group>";
		};
		CE33F4B1266F511B00DB7995 /* Preview Content */ = {
			isa = PBXGroup;
			children = (
				CE33F4B2266F511B00DB7995 /* Preview Assets.xcassets */,
			);
			path = "Preview Content";
			sourceTree = "<group>";
		};
		CE33F4C1266F6BD900DB7995 /* Services */ = {
			isa = PBXGroup;
			children = (
				CE33F4BD266F68C200DB7995 /* RickAndMortyAPI.swift */,
				CE1AEBD326849AF30061CD2C /* Router.swift */,
			);
			path = Services;
			sourceTree = "<group>";
		};
		CE33F4C2266F6BEA00DB7995 /* View */ = {
			isa = PBXGroup;
			children = (
				CE33F4AD266F511900DB7995 /* RootView.swift */,
				CE33F4C6266F6C9300DB7995 /* CharacterListView.swift */,
				CE2152AF2670DE6800A29825 /* CharacterView.swift */,
			);
			path = View;
			sourceTree = "<group>";
		};
		CE33F4C3266F6C1F00DB7995 /* ViewModel */ = {
			isa = PBXGroup;
			children = (
				CE33F4C8266F6CFE00DB7995 /* CharacterListViewModel.swift */,
			);
			path = ViewModel;
			sourceTree = "<group>";
		};
		CE33F4C4266F6C3100DB7995 /* Model */ = {
			isa = PBXGroup;
			children = (
				CE33F4BF266F699E00DB7995 /* Character.swift */,
			);
			path = Model;
			sourceTree = "<group>";
		};
		CE33F4C5266F6C5400DB7995 /* Supporting Files */ = {
			isa = PBXGroup;
			children = (
				CE33F4A9266F511900DB7995 /* AppDelegate.swift */,
				CE33F4AB266F511900DB7995 /* SceneDelegate.swift */,
				CEBC287F2671FBF100D03533 /* ActivityIndicator.swift */,
				CEBC288126720EDE00D03533 /* ImageFromUrl.swift */,
				CE33F4AF266F511B00DB7995 /* Assets.xcassets */,
				CE33F4B4266F511B00DB7995 /* LaunchScreen.storyboard */,
			);
			path = "Supporting Files";
			sourceTree = "<group>";
		};
/* End PBXGroup section */

/* Begin PBXNativeTarget section */
		CE33F4A5266F511900DB7995 /* RickAndMorty */ = {
			isa = PBXNativeTarget;
			buildConfigurationList = CE33F4BA266F511B00DB7995 /* Build configuration list for PBXNativeTarget "RickAndMorty" */;
			buildPhases = (
				CE33F4A2266F511900DB7995 /* Sources */,
				CE33F4A3266F511900DB7995 /* Frameworks */,
				CE33F4A4266F511900DB7995 /* Resources */,
			);
			buildRules = (
			);
			dependencies = (
			);
			name = RickAndMorty;
			productName = RickAndMorty;
			productReference = CE33F4A6266F511900DB7995 /* RickAndMorty.app */;
			productType = "com.apple.product-type.application";
		};
/* End PBXNativeTarget section */

/* Begin PBXProject section */
		CE33F49E266F511900DB7995 /* Project object */ = {
			isa = PBXProject;
			attributes = {
				LastSwiftUpdateCheck = 1130;
				LastUpgradeCheck = 1240;
				ORGANIZATIONNAME = "Artem Ulko";
				TargetAttributes = {
					CE33F4A5266F511900DB7995 = {
						CreatedOnToolsVersion = 11.3.1;
					};
				};
			};
			buildConfigurationList = CE33F4A1266F511900DB7995 /* Build configuration list for PBXProject "RickAndMorty" */;
			compatibilityVersion = "Xcode 9.3";
			developmentRegion = en;
			hasScannedForEncodings = 0;
			knownRegions = (
				en,
				Base,
			);
			mainGroup = CE33F49D266F511900DB7995;
			productRefGroup = CE33F4A7266F511900DB7995 /* Products */;
			projectDirPath = "";
			projectRoot = "";
			targets = (
				CE33F4A5266F511900DB7995 /* RickAndMorty */,
			);
		};
/* End PBXProject section */

/* Begin PBXResourcesBuildPhase section */
		CE33F4A4266F511900DB7995 /* Resources */ = {
			isa = PBXResourcesBuildPhase;
			buildActionMask = 2147483647;
			files = (
				CE33F4B6266F511B00DB7995 /* LaunchScreen.storyboard in Resources */,
				CE33F4B3266F511B00DB7995 /* Preview Assets.xcassets in Resources */,
				CE33F4B0266F511B00DB7995 /* Assets.xcassets in Resources */,
			);
			runOnlyForDeploymentPostprocessing = 0;
		};
/* End PBXResourcesBuildPhase section */

/* Begin PBXSourcesBuildPhase section */
		CE33F4A2266F511900DB7995 /* Sources */ = {
			isa = PBXSourcesBuildPhase;
			buildActionMask = 2147483647;
			files = (
				CE1AEBD426849AF30061CD2C /* Router.swift in Sources */,
				CE33F4AA266F511900DB7995 /* AppDelegate.swift in Sources */,
				CE33F4C9266F6CFE00DB7995 /* CharacterListViewModel.swift in Sources */,
				CEBC28802671FBF100D03533 /* ActivityIndicator.swift in Sources */,
				CE33F4BE266F68C200DB7995 /* RickAndMortyAPI.swift in Sources */,
				CE174E8426861A63003B966A /* CharacterEpisodeViewCellModifier.swift in Sources */,
				CE33F4C0266F699E00DB7995 /* Character.swift in Sources */,
				CEBC288226720EDE00D03533 /* ImageFromUrl.swift in Sources */,
				CE33F4AC266F511900DB7995 /* SceneDelegate.swift in Sources */,
				CE33F4AE266F511900DB7995 /* RootView.swift in Sources */,
				CE2152B02670DE6800A29825 /* CharacterView.swift in Sources */,
				CE33F4C7266F6C9300DB7995 /* CharacterListView.swift in Sources */,
			);
			runOnlyForDeploymentPostprocessing = 0;
		};
/* End PBXSourcesBuildPhase section */

/* Begin PBXVariantGroup section */
		CE33F4B4266F511B00DB7995 /* LaunchScreen.storyboard */ = {
			isa = PBXVariantGroup;
			children = (
				CE33F4B5266F511B00DB7995 /* Base */,
			);
			name = LaunchScreen.storyboard;
			sourceTree = "<group>";
		};
/* End PBXVariantGroup section */

/* Begin XCBuildConfiguration section */
		CE33F4B8266F511B00DB7995 /* Debug */ = {
			isa = XCBuildConfiguration;
			buildSettings = {
				ALWAYS_SEARCH_USER_PATHS = NO;
				CLANG_ANALYZER_NONNULL = YES;
				CLANG_ANALYZER_NUMBER_OBJECT_CONVERSION = YES_AGGRESSIVE;
				CLANG_CXX_LANGUAGE_STANDARD = "gnu++14";
				CLANG_CXX_LIBRARY = "libc++";
				CLANG_ENABLE_MODULES = YES;
				CLANG_ENABLE_OBJC_ARC = YES;
				CLANG_ENABLE_OBJC_WEAK = YES;
				CLANG_WARN_BLOCK_CAPTURE_AUTORELEASING = YES;
				CLANG_WARN_BOOL_CONVERSION = YES;
				CLANG_WARN_COMMA = YES;
				CLANG_WARN_CONSTANT_CONVERSION = YES;
				CLANG_WARN_DEPRECATED_OBJC_IMPLEMENTATIONS = YES;
				CLANG_WARN_DIRECT_OBJC_ISA_USAGE = YES_ERROR;
				CLANG_WARN_DOCUMENTATION_COMMENTS = YES;
				CLANG_WARN_EMPTY_BODY = YES;
				CLANG_WARN_ENUM_CONVERSION = YES;
				CLANG_WARN_INFINITE_RECURSION = YES;
				CLANG_WARN_INT_CONVERSION = YES;
				CLANG_WARN_NON_LITERAL_NULL_CONVERSION = YES;
				CLANG_WARN_OBJC_IMPLICIT_RETAIN_SELF = YES;
				CLANG_WARN_OBJC_LITERAL_CONVERSION = YES;
				CLANG_WARN_OBJC_ROOT_CLASS = YES_ERROR;
				CLANG_WARN_QUOTED_INCLUDE_IN_FRAMEWORK_HEADER = YES;
				CLANG_WARN_RANGE_LOOP_ANALYSIS = YES;
				CLANG_WARN_STRICT_PROTOTYPES = YES;
				CLANG_WARN_SUSPICIOUS_MOVE = YES;
				CLANG_WARN_UNGUARDED_AVAILABILITY = YES_AGGRESSIVE;
				CLANG_WARN_UNREACHABLE_CODE = YES;
				CLANG_WARN__DUPLICATE_METHOD_MATCH = YES;
				COPY_PHASE_STRIP = NO;
				DEBUG_INFORMATION_FORMAT = dwarf;
				ENABLE_STRICT_OBJC_MSGSEND = YES;
				ENABLE_TESTABILITY = YES;
				GCC_C_LANGUAGE_STANDARD = gnu11;
				GCC_DYNAMIC_NO_PIC = NO;
				GCC_NO_COMMON_BLOCKS = YES;
				GCC_OPTIMIZATION_LEVEL = 0;
				GCC_PREPROCESSOR_DEFINITIONS = (
					"DEBUG=1",
					"$(inherited)",
				);
				GCC_WARN_64_TO_32_BIT_CONVERSION = YES;
				GCC_WARN_ABOUT_RETURN_TYPE = YES_ERROR;
				GCC_WARN_UNDECLARED_SELECTOR = YES;
				GCC_WARN_UNINITIALIZED_AUTOS = YES_AGGRESSIVE;
				GCC_WARN_UNUSED_FUNCTION = YES;
				GCC_WARN_UNUSED_VARIABLE = YES;
				IPHONEOS_DEPLOYMENT_TARGET = 13.2;
				MTL_ENABLE_DEBUG_INFO = INCLUDE_SOURCE;
				MTL_FAST_MATH = YES;
				ONLY_ACTIVE_ARCH = YES;
				SDKROOT = iphoneos;
				SWIFT_ACTIVE_COMPILATION_CONDITIONS = DEBUG;
				SWIFT_OPTIMIZATION_LEVEL = "-Onone";
			};
			name = Debug;
		};
		CE33F4B9266F511B00DB7995 /* Release */ = {
			isa = XCBuildConfiguration;
			buildSettings = {
				ALWAYS_SEARCH_USER_PATHS = NO;
				CLANG_ANALYZER_NONNULL = YES;
				CLANG_ANALYZER_NUMBER_OBJECT_CONVERSION = YES_AGGRESSIVE;
				CLANG_CXX_LANGUAGE_STANDARD = "gnu++14";
				CLANG_CXX_LIBRARY = "libc++";
				CLANG_ENABLE_MODULES = YES;
				CLANG_ENABLE_OBJC_ARC = YES;
				CLANG_ENABLE_OBJC_WEAK = YES;
				CLANG_WARN_BLOCK_CAPTURE_AUTORELEASING = YES;
				CLANG_WARN_BOOL_CONVERSION = YES;
				CLANG_WARN_COMMA = YES;
				CLANG_WARN_CONSTANT_CONVERSION = YES;
				CLANG_WARN_DEPRECATED_OBJC_IMPLEMENTATIONS = YES;
				CLANG_WARN_DIRECT_OBJC_ISA_USAGE = YES_ERROR;
				CLANG_WARN_DOCUMENTATION_COMMENTS = YES;
				CLANG_WARN_EMPTY_BODY = YES;
				CLANG_WARN_ENUM_CONVERSION = YES;
				CLANG_WARN_INFINITE_RECURSION = YES;
				CLANG_WARN_INT_CONVERSION = YES;
				CLANG_WARN_NON_LITERAL_NULL_CONVERSION = YES;
				CLANG_WARN_OBJC_IMPLICIT_RETAIN_SELF = YES;
				CLANG_WARN_OBJC_LITERAL_CONVERSION = YES;
				CLANG_WARN_OBJC_ROOT_CLASS = YES_ERROR;
				CLANG_WARN_QUOTED_INCLUDE_IN_FRAMEWORK_HEADER = YES;
				CLANG_WARN_RANGE_LOOP_ANALYSIS = YES;
				CLANG_WARN_STRICT_PROTOTYPES = YES;
				CLANG_WARN_SUSPICIOUS_MOVE = YES;
				CLANG_WARN_UNGUARDED_AVAILABILITY = YES_AGGRESSIVE;
				CLANG_WARN_UNREACHABLE_CODE = YES;
				CLANG_WARN__DUPLICATE_METHOD_MATCH = YES;
				COPY_PHASE_STRIP = NO;
				DEBUG_INFORMATION_FORMAT = "dwarf-with-dsym";
				ENABLE_NS_ASSERTIONS = NO;
				ENABLE_STRICT_OBJC_MSGSEND = YES;
				GCC_C_LANGUAGE_STANDARD = gnu11;
				GCC_NO_COMMON_BLOCKS = YES;
				GCC_WARN_64_TO_32_BIT_CONVERSION = YES;
				GCC_WARN_ABOUT_RETURN_TYPE = YES_ERROR;
				GCC_WARN_UNDECLARED_SELECTOR = YES;
				GCC_WARN_UNINITIALIZED_AUTOS = YES_AGGRESSIVE;
				GCC_WARN_UNUSED_FUNCTION = YES;
				GCC_WARN_UNUSED_VARIABLE = YES;
				IPHONEOS_DEPLOYMENT_TARGET = 13.2;
				MTL_ENABLE_DEBUG_INFO = NO;
				MTL_FAST_MATH = YES;
				SDKROOT = iphoneos;
				SWIFT_COMPILATION_MODE = wholemodule;
				SWIFT_OPTIMIZATION_LEVEL = "-O";
				VALIDATE_PRODUCT = YES;
			};
			name = Release;
		};
		CE33F4BB266F511B00DB7995 /* Debug */ = {
			isa = XCBuildConfiguration;
			buildSettings = {
				ASSETCATALOG_COMPILER_APPICON_NAME = AppIcon;
				CODE_SIGN_STYLE = Automatic;
				DEVELOPMENT_ASSET_PATHS = "\"RickAndMorty/Preview Content\"";
				DEVELOPMENT_TEAM = 2PQNZ2TUC3;
				ENABLE_PREVIEWS = YES;
				INFOPLIST_FILE = RickAndMorty/Info.plist;
				LD_RUNPATH_SEARCH_PATHS = (
					"$(inherited)",
					"@executable_path/Frameworks",
				);
				PRODUCT_BUNDLE_IDENTIFIER = com.ulkoart.RickAndMorty;
				PRODUCT_NAME = "$(TARGET_NAME)";
				SWIFT_VERSION = 5.0;
				TARGETED_DEVICE_FAMILY = 1;
			};
			name = Debug;
		};
		CE33F4BC266F511B00DB7995 /* Release */ = {
			isa = XCBuildConfiguration;
			buildSettings = {
				ASSETCATALOG_COMPILER_APPICON_NAME = AppIcon;
				CODE_SIGN_STYLE = Automatic;
				DEVELOPMENT_ASSET_PATHS = "\"RickAndMorty/Preview Content\"";
				DEVELOPMENT_TEAM = 2PQNZ2TUC3;
				ENABLE_PREVIEWS = YES;
				INFOPLIST_FILE = RickAndMorty/Info.plist;
				LD_RUNPATH_SEARCH_PATHS = (
					"$(inherited)",
					"@executable_path/Frameworks",
				);
				PRODUCT_BUNDLE_IDENTIFIER = com.ulkoart.RickAndMorty;
				PRODUCT_NAME = "$(TARGET_NAME)";
				SWIFT_VERSION = 5.0;
				TARGETED_DEVICE_FAMILY = 1;
			};
			name = Release;
		};
/* End XCBuildConfiguration section */

/* Begin XCConfigurationList section */
		CE33F4A1266F511900DB7995 /* Build configuration list for PBXProject "RickAndMorty" */ = {
			isa = XCConfigurationList;
			buildConfigurations = (
				CE33F4B8266F511B00DB7995 /* Debug */,
				CE33F4B9266F511B00DB7995 /* Release */,
			);
			defaultConfigurationIsVisible = 0;
			defaultConfigurationName = Release;
		};
		CE33F4BA266F511B00DB7995 /* Build configuration list for PBXNativeTarget "RickAndMorty" */ = {
			isa = XCConfigurationList;
			buildConfigurations = (
				CE33F4BB266F511B00DB7995 /* Debug */,
				CE33F4BC266F511B00DB7995 /* Release */,
			);
			defaultConfigurationIsVisible = 0;
			defaultConfigurationName = Release;
		};
/* End XCConfigurationList section */
	};
	rootObject = CE33F49E266F511900DB7995 /* Project object */;
}
